
Microsoft Visual Studio Solution File, Format Version 12.00
# Visual Studio Version 17
VisualStudioVersion = 17.3.32922.545
MinimumVisualStudioVersion = 10.0.40219.1
Project("{8BC9CEB8-8B4A-11D0-8D11-00A0C91BC942}") = "DTMF_Decoder", "DTMF_Decoder\DTMF_Decoder.vcxproj", "{88C083F3-3F8B-44E6-803A-8D898826EB22}"
EndProject
Project("{2150E333-8FDC-42A3-9474-1A3956D46DE8}") = "Solution Items", "Solution Items", "{0FC234A6-A252-4D75-97A2-F9E5C1997AC8}"
	ProjectSection(SolutionItems) = preProject
		.gitignore = .gitignore
		ARCHITECTURE.md = ARCHITECTURE.md
		Doxyfile = Doxyfile
		DOXYGEN.md = DOXYGEN.md
		README.md = README.md
		REFERENCES.md = REFERENCES.md
		RELEASE_CHECKLIST.md = RELEASE_CHECKLIST.md
		STATISTICS.md = STATISTICS.md
		TESTPLAN.md = TESTPLAN.md
	EndProjectSection
EndProject
Project("{2150E333-8FDC-42A3-9474-1A3956D46DE8}") = "html", "html", "{8C0060C4-F258-4A3A-9246-C89EEA7D050F}"
	ProjectSection(SolutionItems) = preProject
		html\extraStyleSheet.css = html\extraStyleSheet.css
	EndProjectSection
EndProject
Project("{2150E333-8FDC-42A3-9474-1A3956D46DE8}") = "images", "images", "{921F6D11-A804-4B40-84A9-834B011DEE8F}"
	ProjectSection(SolutionItems) = preProject
		images\Call_Graph.dot = images\Call_Graph.dot
		images\Call_Graph.dot.orig = images\Call_Graph.dot.orig
		images\Call_Graph.svg = images\Call_Graph.svg
		images\DTMF_Decoder_iOS.PNG = images\DTMF_Decoder_iOS.PNG
		images\DTMF_Decoder_logo.png = images\DTMF_Decoder_logo.png
		images\DTMF_Decoder_Windows.jpg = images\DTMF_Decoder_Windows.jpg
		images\logo_dia.png = images\logo_dia.png
		images\logo_dot.png = images\logo_dot.png
		images\logo_doxygen.png = images\logo_doxygen.png
		images\logo_ghidra.png = images\logo_ghidra.png
		images\logo_git.png = images\logo_git.png
		images\logo_github.png = images\logo_github.png
		images\logo_sysinternals.png = images\logo_sysinternals.png
		images\logo_Visual_Studio.png = images\logo_Visual_Studio.png
	EndProjectSection
EndProject
Project("{2150E333-8FDC-42A3-9474-1A3956D46DE8}") = "Optimizer", "Optimizer", "{BC73996E-58A7-4251-B0D1-C40E45E6F9F7}"
	ProjectSection(SolutionItems) = preProject
		Optimizer\DTMF_Decoder_x64!1.pgc = Optimizer\DTMF_Decoder_x64!1.pgc
		Optimizer\DTMF_Decoder_x64.pgd = Optimizer\DTMF_Decoder_x64.pgd
		Optimizer\DTMF_Decoder_x86!1.pgc = Optimizer\DTMF_Decoder_x86!1.pgc
		Optimizer\DTMF_Decoder_x86.pgd = Optimizer\DTMF_Decoder_x86.pgd
	EndProjectSection
EndProject
Project("{2150E333-8FDC-42A3-9474-1A3956D46DE8}") = "bin", "bin", "{25A6EA22-3B53-42D0-BB5E-17607AEAF458}"
	ProjectSection(SolutionItems) = preProject
		bin\pre_build_event.py = bin\pre_build_event.py
		bin\stats.sh = bin\stats.sh
		bin\stats_collect.sh = bin\stats_collect.sh
		bin\sync.sh = bin\sync.sh
		bin\update_version.py = bin\update_version.py
	EndProjectSection
EndProject
Project("{C7167F0D-BC9F-4E6E-AFE1-012C56B48DB5}") = "Installer", "Installer\Installer.wapproj", "{9EBF86A0-E03D-4A30-85B1-3DD09719698E}"
EndProject
Global
	GlobalSection(SolutionConfigurationPlatforms) = preSolution
		Analyze|Any CPU = Analyze|Any CPU
		Analyze|ARM = Analyze|ARM
		Analyze|ARM64 = Analyze|ARM64
		Analyze|x64 = Analyze|x64
		Analyze|x86 = Analyze|x86
		Debug|Any CPU = Debug|Any CPU
		Debug|ARM = Debug|ARM
		Debug|ARM64 = Debug|ARM64
		Debug|x64 = Debug|x64
		Debug|x86 = Debug|x86
		Profile|Any CPU = Profile|Any CPU
		Profile|ARM = Profile|ARM
		Profile|ARM64 = Profile|ARM64
		Profile|x64 = Profile|x64
		Profile|x86 = Profile|x86
		Release|Any CPU = Release|Any CPU
		Release|ARM = Release|ARM
		Release|ARM64 = Release|ARM64
		Release|x64 = Release|x64
		Release|x86 = Release|x86
	EndGlobalSection
	GlobalSection(ProjectConfigurationPlatforms) = postSolution
		{88C083F3-3F8B-44E6-803A-8D898826EB22}.Analyze|Any CPU.ActiveCfg = Analyze|x64
		{88C083F3-3F8B-44E6-803A-8D898826EB22}.Analyze|Any CPU.Build.0 = Analyze|x64
		{88C083F3-3F8B-44E6-803A-8D898826EB22}.Analyze|ARM.ActiveCfg = Analyze|x64
		{88C083F3-3F8B-44E6-803A-8D898826EB22}.Analyze|ARM.Build.0 = Analyze|x64
		{88C083F3-3F8B-44E6-803A-8D898826EB22}.Analyze|ARM64.ActiveCfg = Analyze|x64
		{88C083F3-3F8B-44E6-803A-8D898826EB22}.Analyze|ARM64.Build.0 = Analyze|x64
		{88C083F3-3F8B-44E6-803A-8D898826EB22}.Analyze|x64.ActiveCfg = Analyze|x64
		{88C083F3-3F8B-44E6-803A-8D898826EB22}.Analyze|x64.Build.0 = Analyze|x64
		{88C083F3-3F8B-44E6-803A-8D898826EB22}.Analyze|x86.ActiveCfg = Analyze|Win32
		{88C083F3-3F8B-44E6-803A-8D898826EB22}.Analyze|x86.Build.0 = Analyze|Win32
		{88C083F3-3F8B-44E6-803A-8D898826EB22}.Debug|Any CPU.ActiveCfg = Debug|x64
		{88C083F3-3F8B-44E6-803A-8D898826EB22}.Debug|Any CPU.Build.0 = Debug|x64
		{88C083F3-3F8B-44E6-803A-8D898826EB22}.Debug|ARM.ActiveCfg = Debug|x64
		{88C083F3-3F8B-44E6-803A-8D898826EB22}.Debug|ARM.Build.0 = Debug|x64
		{88C083F3-3F8B-44E6-803A-8D898826EB22}.Debug|ARM64.ActiveCfg = Debug|x64
		{88C083F3-3F8B-44E6-803A-8D898826EB22}.Debug|ARM64.Build.0 = Debug|x64
		{88C083F3-3F8B-44E6-803A-8D898826EB22}.Debug|x64.ActiveCfg = Debug|x64
		{88C083F3-3F8B-44E6-803A-8D898826EB22}.Debug|x64.Build.0 = Debug|x64
		{88C083F3-3F8B-44E6-803A-8D898826EB22}.Debug|x86.ActiveCfg = Debug|Win32
		{88C083F3-3F8B-44E6-803A-8D898826EB22}.Debug|x86.Build.0 = Debug|Win32
		{88C083F3-3F8B-44E6-803A-8D898826EB22}.Profile|Any CPU.ActiveCfg = Profile|x64
		{88C083F3-3F8B-44E6-803A-8D898826EB22}.Profile|Any CPU.Build.0 = Profile|x64
		{88C083F3-3F8B-44E6-803A-8D898826EB22}.Profile|ARM.ActiveCfg = Profile|x64
		{88C083F3-3F8B-44E6-803A-8D898826EB22}.Profile|ARM.Build.0 = Profile|x64
		{88C083F3-3F8B-44E6-803A-8D898826EB22}.Profile|ARM64.ActiveCfg = Profile|x64
		{88C083F3-3F8B-44E6-803A-8D898826EB22}.Profile|ARM64.Build.0 = Profile|x64
		{88C083F3-3F8B-44E6-803A-8D898826EB22}.Profile|x64.ActiveCfg = Profile|x64
		{88C083F3-3F8B-44E6-803A-8D898826EB22}.Profile|x64.Build.0 = Profile|x64
		{88C083F3-3F8B-44E6-803A-8D898826EB22}.Profile|x86.ActiveCfg = Profile|Win32
		{88C083F3-3F8B-44E6-803A-8D898826EB22}.Profile|x86.Build.0 = Profile|Win32
		{88C083F3-3F8B-44E6-803A-8D898826EB22}.Release|Any CPU.ActiveCfg = Release|x64
		{88C083F3-3F8B-44E6-803A-8D898826EB22}.Release|Any CPU.Build.0 = Release|x64
		{88C083F3-3F8B-44E6-803A-8D898826EB22}.Release|ARM.ActiveCfg = Release|x64
		{88C083F3-3F8B-44E6-803A-8D898826EB22}.Release|ARM.Build.0 = Release|x64
		{88C083F3-3F8B-44E6-803A-8D898826EB22}.Release|ARM64.ActiveCfg = Release|x64
		{88C083F3-3F8B-44E6-803A-8D898826EB22}.Release|ARM64.Build.0 = Release|x64
		{88C083F3-3F8B-44E6-803A-8D898826EB22}.Release|x64.ActiveCfg = Release|x64
		{88C083F3-3F8B-44E6-803A-8D898826EB22}.Release|x64.Build.0 = Release|x64
		{88C083F3-3F8B-44E6-803A-8D898826EB22}.Release|x86.ActiveCfg = Release|Win32
		{88C083F3-3F8B-44E6-803A-8D898826EB22}.Release|x86.Build.0 = Release|Win32
		{9EBF86A0-E03D-4A30-85B1-3DD09719698E}.Analyze|Any CPU.ActiveCfg = Release|Any CPU
		{9EBF86A0-E03D-4A30-85B1-3DD09719698E}.Analyze|Any CPU.Build.0 = Release|Any CPU
		{9EBF86A0-E03D-4A30-85B1-3DD09719698E}.Analyze|Any CPU.Deploy.0 = Release|Any CPU
		{9EBF86A0-E03D-4A30-85B1-3DD09719698E}.Analyze|ARM.ActiveCfg = Debug|ARM
		{9EBF86A0-E03D-4A30-85B1-3DD09719698E}.Analyze|ARM.Build.0 = Debug|ARM
		{9EBF86A0-E03D-4A30-85B1-3DD09719698E}.Analyze|ARM.Deploy.0 = Debug|ARM
		{9EBF86A0-E03D-4A30-85B1-3DD09719698E}.Analyze|ARM64.ActiveCfg = Debug|ARM64
		{9EBF86A0-E03D-4A30-85B1-3DD09719698E}.Analyze|ARM64.Build.0 = Debug|ARM64
		{9EBF86A0-E03D-4A30-85B1-3DD09719698E}.Analyze|ARM64.Deploy.0 = Debug|ARM64
		{9EBF86A0-E03D-4A30-85B1-3DD09719698E}.Analyze|x64.ActiveCfg = Debug|x64
		{9EBF86A0-E03D-4A30-85B1-3DD09719698E}.Analyze|x64.Build.0 = Debug|x64
		{9EBF86A0-E03D-4A30-85B1-3DD09719698E}.Analyze|x64.Deploy.0 = Debug|x64
		{9EBF86A0-E03D-4A30-85B1-3DD09719698E}.Analyze|x86.ActiveCfg = Debug|x86
		{9EBF86A0-E03D-4A30-85B1-3DD09719698E}.Analyze|x86.Build.0 = Debug|x86
		{9EBF86A0-E03D-4A30-85B1-3DD09719698E}.Analyze|x86.Deploy.0 = Debug|x86
		{9EBF86A0-E03D-4A30-85B1-3DD09719698E}.Debug|Any CPU.ActiveCfg = Debug|Any CPU
		{9EBF86A0-E03D-4A30-85B1-3DD09719698E}.Debug|ARM.ActiveCfg = Debug|ARM
		{9EBF86A0-E03D-4A30-85B1-3DD09719698E}.Debug|ARM.Build.0 = Debug|ARM
		{9EBF86A0-E03D-4A30-85B1-3DD09719698E}.Debug|ARM.Deploy.0 = Debug|ARM
		{9EBF86A0-E03D-4A30-85B1-3DD09719698E}.Debug|ARM64.ActiveCfg = Debug|ARM64
		{9EBF86A0-E03D-4A30-85B1-3DD09719698E}.Debug|ARM64.Build.0 = Debug|ARM64
		{9EBF86A0-E03D-4A30-85B1-3DD09719698E}.Debug|ARM64.Deploy.0 = Debug|ARM64
		{9EBF86A0-E03D-4A30-85B1-3DD09719698E}.Debug|x64.ActiveCfg = Debug|x64
		{9EBF86A0-E03D-4A30-85B1-3DD09719698E}.Debug|x86.ActiveCfg = Debug|x86
		{9EBF86A0-E03D-4A30-85B1-3DD09719698E}.Profile|Any CPU.ActiveCfg = Release|Any CPU
		{9EBF86A0-E03D-4A30-85B1-3DD09719698E}.Profile|Any CPU.Build.0 = Release|Any CPU
		{9EBF86A0-E03D-4A30-85B1-3DD09719698E}.Profile|Any CPU.Deploy.0 = Release|Any CPU
		{9EBF86A0-E03D-4A30-85B1-3DD09719698E}.Profile|ARM.ActiveCfg = Debug|ARM
		{9EBF86A0-E03D-4A30-85B1-3DD09719698E}.Profile|ARM.Build.0 = Debug|ARM
		{9EBF86A0-E03D-4A30-85B1-3DD09719698E}.Profile|ARM.Deploy.0 = Debug|ARM
		{9EBF86A0-E03D-4A30-85B1-3DD09719698E}.Profile|ARM64.ActiveCfg = Debug|ARM64
		{9EBF86A0-E03D-4A30-85B1-3DD09719698E}.Profile|ARM64.Build.0 = Debug|ARM64
		{9EBF86A0-E03D-4A30-85B1-3DD09719698E}.Profile|ARM64.Deploy.0 = Debug|ARM64
		{9EBF86A0-E03D-4A30-85B1-3DD09719698E}.Profile|x64.ActiveCfg = Debug|x64
		{9EBF86A0-E03D-4A30-85B1-3DD09719698E}.Profile|x64.Build.0 = Debug|x64
		{9EBF86A0-E03D-4A30-85B1-3DD09719698E}.Profile|x64.Deploy.0 = Debug|x64
		{9EBF86A0-E03D-4A30-85B1-3DD09719698E}.Profile|x86.ActiveCfg = Debug|x86
		{9EBF86A0-E03D-4A30-85B1-3DD09719698E}.Profile|x86.Build.0 = Debug|x86
		{9EBF86A0-E03D-4A30-85B1-3DD09719698E}.Profile|x86.Deploy.0 = Debug|x86
		{9EBF86A0-E03D-4A30-85B1-3DD09719698E}.Release|Any CPU.ActiveCfg = Release|Any CPU
		{9EBF86A0-E03D-4A30-85B1-3DD09719698E}.Release|Any CPU.Build.0 = Release|Any CPU
		{9EBF86A0-E03D-4A30-85B1-3DD09719698E}.Release|Any CPU.Deploy.0 = Release|Any CPU
		{9EBF86A0-E03D-4A30-85B1-3DD09719698E}.Release|ARM.ActiveCfg = Release|ARM
		{9EBF86A0-E03D-4A30-85B1-3DD09719698E}.Release|ARM.Build.0 = Release|ARM
		{9EBF86A0-E03D-4A30-85B1-3DD09719698E}.Release|ARM.Deploy.0 = Release|ARM
		{9EBF86A0-E03D-4A30-85B1-3DD09719698E}.Release|ARM64.ActiveCfg = Release|ARM64
		{9EBF86A0-E03D-4A30-85B1-3DD09719698E}.Release|ARM64.Build.0 = Release|ARM64
		{9EBF86A0-E03D-4A30-85B1-3DD09719698E}.Release|ARM64.Deploy.0 = Release|ARM64
		{9EBF86A0-E03D-4A30-85B1-3DD09719698E}.Release|x64.ActiveCfg = Release|x64
		{9EBF86A0-E03D-4A30-85B1-3DD09719698E}.Release|x64.Build.0 = Release|x64
		{9EBF86A0-E03D-4A30-85B1-3DD09719698E}.Release|x64.Deploy.0 = Release|x64
		{9EBF86A0-E03D-4A30-85B1-3DD09719698E}.Release|x86.ActiveCfg = Release|x86
		{9EBF86A0-E03D-4A30-85B1-3DD09719698E}.Release|x86.Build.0 = Release|x86
		{9EBF86A0-E03D-4A30-85B1-3DD09719698E}.Release|x86.Deploy.0 = Release|x86
	EndGlobalSection
	GlobalSection(SolutionProperties) = preSolution
		HideSolutionNode = FALSE
	EndGlobalSection
	GlobalSection(ExtensibilityGlobals) = postSolution
		SolutionGuid = {92DB5E7F-7BE2-4E61-A92A-223FD1340314}
	EndGlobalSection
EndGlobal
