
Microsoft Visual Studio Solution File, Format Version 12.00
# Visual Studio Version 17
VisualStudioVersion = 17.3.32922.545
MinimumVisualStudioVersion = 10.0.40219.1
Project("{8BC9CEB8-8B4A-11D0-8D11-00A0C91BC942}") = "DTMF_Decoder", "DTMF_Decoder\DTMF_Decoder.vcxproj", "{88C083F3-3F8B-44E6-803A-8D898826EB22}"
EndProject
Project("{2150E333-8FDC-42A3-9474-1A3956D46DE8}") = "Solution Items", "Solution Items", "{0FC234A6-A252-4D75-97A2-F9E5C1997AC8}"
	ProjectSection(SolutionItems) = preProject
		.gitignore = .gitignore
		ARCHITECTURE.md = ARCHITECTURE.md
		Doxyfile = Doxyfile
		DOXYGEN.md = DOXYGEN.md
		README.md = README.md
		REFERENCES.md = REFERENCES.md
		RELEASE_CHECKLIST.md = RELEASE_CHECKLIST.md
		STATISTICS.md = STATISTICS.md
	EndProjectSection
EndProject
Project("{2150E333-8FDC-42A3-9474-1A3956D46DE8}") = "html", "html", "{8C0060C4-F258-4A3A-9246-C89EEA7D050F}"
	ProjectSection(SolutionItems) = preProject
		html\extraStyleSheet.css = html\extraStyleSheet.css
	EndProjectSection
EndProject
Project("{2150E333-8FDC-42A3-9474-1A3956D46DE8}") = "images", "images", "{921F6D11-A804-4B40-84A9-834B011DEE8F}"
	ProjectSection(SolutionItems) = preProject
		images\Call_Graph.dot = images\Call_Graph.dot
		images\Call_Graph.dot.orig = images\Call_Graph.dot.orig
		images\Call_Graph.svg = images\Call_Graph.svg
		images\DTMF_Decoder_iOS.PNG = images\DTMF_Decoder_iOS.PNG
		images\DTMF_Decoder_logo.png = images\DTMF_Decoder_logo.png
		images\DTMF_Decoder_Windows.jpg = images\DTMF_Decoder_Windows.jpg
		images\logo_dia.png = images\logo_dia.png
		images\logo_dot.png = images\logo_dot.png
		images\logo_doxygen.png = images\logo_doxygen.png
		images\logo_ghidra.png = images\logo_ghidra.png
		images\logo_git.png = images\logo_git.png
		images\logo_github.png = images\logo_github.png
		images\logo_sysinternals.png = images\logo_sysinternals.png
		images\logo_Visual_Studio.png = images\logo_Visual_Studio.png
	EndProjectSection
EndProject
Project("{2150E333-8FDC-42A3-9474-1A3956D46DE8}") = "Optimizer", "Optimizer", "{BC73996E-58A7-4251-B0D1-C40E45E6F9F7}"
	ProjectSection(SolutionItems) = preProject
		Optimizer\DTMF_Decoder_x64!1.pgc = Optimizer\DTMF_Decoder_x64!1.pgc
		Optimizer\DTMF_Decoder_x64.pgd = Optimizer\DTMF_Decoder_x64.pgd
		Optimizer\DTMF_Decoder_x86!1.pgc = Optimizer\DTMF_Decoder_x86!1.pgc
		Optimizer\DTMF_Decoder_x86.pgd = Optimizer\DTMF_Decoder_x86.pgd
	EndProjectSection
EndProject
Project("{2150E333-8FDC-42A3-9474-1A3956D46DE8}") = "bin", "bin", "{25A6EA22-3B53-42D0-BB5E-17607AEAF458}"
	ProjectSection(SolutionItems) = preProject
		bin\stats.sh = bin\stats.sh
		bin\stats_collect.sh = bin\stats_collect.sh
		bin\sync.sh = bin\sync.sh
	EndProjectSection
EndProject
Global
	GlobalSection(SolutionConfigurationPlatforms) = preSolution
		Debug|x64 = Debug|x64
		Debug|x86 = Debug|x86
		Profile|x64 = Profile|x64
		Profile|x86 = Profile|x86
		Release|x64 = Release|x64
		Release|x86 = Release|x86
	EndGlobalSection
	GlobalSection(ProjectConfigurationPlatforms) = postSolution
		{88C083F3-3F8B-44E6-803A-8D898826EB22}.Debug|x64.ActiveCfg = Debug|x64
		{88C083F3-3F8B-44E6-803A-8D898826EB22}.Debug|x64.Build.0 = Debug|x64
		{88C083F3-3F8B-44E6-803A-8D898826EB22}.Debug|x86.ActiveCfg = Debug|Win32
		{88C083F3-3F8B-44E6-803A-8D898826EB22}.Debug|x86.Build.0 = Debug|Win32
		{88C083F3-3F8B-44E6-803A-8D898826EB22}.Profile|x64.ActiveCfg = Profile|x64
		{88C083F3-3F8B-44E6-803A-8D898826EB22}.Profile|x64.Build.0 = Profile|x64
		{88C083F3-3F8B-44E6-803A-8D898826EB22}.Profile|x86.ActiveCfg = Profile|Win32
		{88C083F3-3F8B-44E6-803A-8D898826EB22}.Profile|x86.Build.0 = Profile|Win32
		{88C083F3-3F8B-44E6-803A-8D898826EB22}.Release|x64.ActiveCfg = Release|x64
		{88C083F3-3F8B-44E6-803A-8D898826EB22}.Release|x64.Build.0 = Release|x64
		{88C083F3-3F8B-44E6-803A-8D898826EB22}.Release|x86.ActiveCfg = Release|Win32
		{88C083F3-3F8B-44E6-803A-8D898826EB22}.Release|x86.Build.0 = Release|Win32
	EndGlobalSection
	GlobalSection(SolutionProperties) = preSolution
		HideSolutionNode = FALSE
	EndGlobalSection
	GlobalSection(ExtensibilityGlobals) = postSolution
		SolutionGuid = {92DB5E7F-7BE2-4E61-A92A-223FD1340314}
	EndGlobalSection
EndGlobal
