
Microsoft Visual Studio Solution File, Format Version 12.00
# Visual Studio Version 17
VisualStudioVersion = 17.3.32922.545
MinimumVisualStudioVersion = 10.0.40219.1
Project("{8BC9CEB8-8B4A-11D0-8D11-00A0C91BC942}") = "DTMF_Decoder", "DTMF_Decoder\DTMF_Decoder.vcxproj", "{88C083F3-3F8B-44E6-803A-8D898826EB22}"
EndProject
Project("{2150E333-8FDC-42A3-9474-1A3956D46DE8}") = "Solution Items", "Solution Items", "{0FC234A6-A252-4D75-97A2-F9E5C1997AC8}"
	ProjectSection(SolutionItems) = preProject
		.gitignore = .gitignore
		ARCHITECTURE.md = ARCHITECTURE.md
		Doxyfile = Doxyfile
		README.md = README.md
		REFERENCES.md = REFERENCES.md
	EndProjectSection
EndProject
Project("{2150E333-8FDC-42A3-9474-1A3956D46DE8}") = "html", "html", "{8C0060C4-F258-4A3A-9246-C89EEA7D050F}"
	ProjectSection(SolutionItems) = preProject
		html\extraStyleSheet.css = html\extraStyleSheet.css
	EndProjectSection
EndProject
Project("{2150E333-8FDC-42A3-9474-1A3956D46DE8}") = "images", "images", "{921F6D11-A804-4B40-84A9-834B011DEE8F}"
	ProjectSection(SolutionItems) = preProject
		images\Call_Graph.svg = images\Call_Graph.svg
		images\dia.png = images\dia.png
		images\dot.png = images\dot.png
		images\DTMF_Decoder_iOS.PNG = images\DTMF_Decoder_iOS.PNG
		images\DTMF_Decoder_logo.png = images\DTMF_Decoder_logo.png
		images\DTMF_Decoder_Windows.jpg = images\DTMF_Decoder_Windows.jpg
		images\logo_doxygen.png = images\logo_doxygen.png
		images\logo_ghidra.png = images\logo_ghidra.png
		images\logo_git.png = images\logo_git.png
		images\logo_github.png = images\logo_github.png
		images\logo_sysinternals.png = images\logo_sysinternals.png
		images\Visual_Studio_Logo.png = images\Visual_Studio_Logo.png
	EndProjectSection
EndProject
Global
	GlobalSection(SolutionConfigurationPlatforms) = preSolution
		Debug|x64 = Debug|x64
		Debug|x86 = Debug|x86
		Release|x64 = Release|x64
		Release|x86 = Release|x86
	EndGlobalSection
	GlobalSection(ProjectConfigurationPlatforms) = postSolution
		{88C083F3-3F8B-44E6-803A-8D898826EB22}.Debug|x64.ActiveCfg = Debug|x64
		{88C083F3-3F8B-44E6-803A-8D898826EB22}.Debug|x64.Build.0 = Debug|x64
		{88C083F3-3F8B-44E6-803A-8D898826EB22}.Debug|x86.ActiveCfg = Debug|Win32
		{88C083F3-3F8B-44E6-803A-8D898826EB22}.Debug|x86.Build.0 = Debug|Win32
		{88C083F3-3F8B-44E6-803A-8D898826EB22}.Release|x64.ActiveCfg = Release|x64
		{88C083F3-3F8B-44E6-803A-8D898826EB22}.Release|x64.Build.0 = Release|x64
		{88C083F3-3F8B-44E6-803A-8D898826EB22}.Release|x86.ActiveCfg = Release|Win32
		{88C083F3-3F8B-44E6-803A-8D898826EB22}.Release|x86.Build.0 = Release|Win32
	EndGlobalSection
	GlobalSection(SolutionProperties) = preSolution
		HideSolutionNode = FALSE
	EndGlobalSection
	GlobalSection(ExtensibilityGlobals) = postSolution
		SolutionGuid = {92DB5E7F-7BE2-4E61-A92A-223FD1340314}
	EndGlobalSection
EndGlobal
